{
  "name": "mucklet-script-project",
  "lockfileVersion": 3,
  "requires": true,
  "packages": {
    "": {
      "name": "mucklet-script-project",
      "dependencies": {
        "mucklet-script": "^1.65.2"
      }
    },
    "node_modules/assemblyscript": {
      "version": "0.25.2",
      "resolved": "https://registry.npmjs.org/assemblyscript/-/assemblyscript-0.25.2.tgz",
      "integrity": "sha512-67TQOMvKo23htvSK6lhOzsoQjnplNKkdwgq925uBvQZLDbg9pHfAWhg/R8i8tqKrtk6GH8haOJbQY4oNSQqehA==",
      "license": "Apache-2.0",
      "peer": true,
      "dependencies": {
        "binaryen": "110.0.0-nightly.20221105",
        "long": "^5.2.0"
      },
      "bin": {
        "asc": "bin/asc.js",
        "asinit": "bin/asinit.js"
      },
      "engines": {
        "node": ">=16.0.0",
        "npm": ">=7.0.0"
      },
      "funding": {
        "type": "opencollective",
        "url": "https://opencollective.com/assemblyscript"
      }
    },
    "node_modules/binaryen": {
      "version": "110.0.0-nightly.20221105",
      "resolved": "https://registry.npmjs.org/binaryen/-/binaryen-110.0.0-nightly.20221105.tgz",
      "integrity": "sha512-OBESOc51q3SwgG8Uv8nMzGnSq7LJpSB/Fu8B3AjlZg6YtCEwRnlDWlnwNB6mdql+VdexfKmNcsrs4K7MYidmdQ==",
      "license": "Apache-2.0",
      "peer": true,
      "bin": {
        "wasm-opt": "bin/wasm-opt",
        "wasm2js": "bin/wasm2js"
      }
    },
    "node_modules/isomorphic-ws": {
      "version": "5.0.0",
      "resolved": "https://registry.npmjs.org/isomorphic-ws/-/isomorphic-ws-5.0.0.tgz",
      "integrity": "sha512-muId7Zzn9ywDsyXgTIafTry2sV3nySZeUDe6YedVd1Hvuuep5AsIlqK+XefWpYTyJG5e503F2xIuT2lcU6rCSw==",
      "license": "MIT",
      "peerDependencies": {
        "ws": "*"
      }
    },
    "node_modules/json-as": {
      "version": "1.0.4",
      "resolved": "https://registry.npmjs.org/json-as/-/json-as-1.0.4.tgz",
      "integrity": "sha512-J1GZhbkPIT+/mkgP/tJfBKKbyJpSbEbUD13W0QaVeIbGVUPbag7QYneNPGDC9EZBA5YIyHuZUgwBYnw0nEkhRw==",
      "license": "MIT"
    },
    "node_modules/lodash.clonedeep": {
      "version": "4.5.0",
      "resolved": "https://registry.npmjs.org/lodash.clonedeep/-/lodash.clonedeep-4.5.0.tgz",
      "integrity": "sha512-H5ZhCF25riFd9uB5UCkVKo61m3S/xZk1x4wA6yp/L3RFP6Z/eHH1ymQcGLo7J3GMPfm0V/7m1tryHuGVxpqEBQ==",
      "license": "MIT"
    },
    "node_modules/long": {
      "version": "5.3.1",
      "resolved": "https://registry.npmjs.org/long/-/long-5.3.1.tgz",
      "integrity": "sha512-ka87Jz3gcx/I7Hal94xaN2tZEOPoUOEVftkQqZx2EeQRN7LGdfLlI3FvZ+7WDplm+vK2Urx9ULrvSowtdCieng==",
      "license": "Apache-2.0"
    },
    "node_modules/modapp-eventbus": {
      "version": "1.8.2",
      "resolved": "https://registry.npmjs.org/modapp-eventbus/-/modapp-eventbus-1.8.2.tgz",
      "integrity": "sha512-fl81pja5UYRrlirqJnFRSx1DGB9Q6C16z1izjMTpvg7TpTBHtRDGnOb8k8FSmUWpZNgC9My7CgaIJ8X6ItCShg==",
      "license": "MIT"
    },
    "node_modules/modapp-utils": {
      "version": "1.8.0",
      "resolved": "https://registry.npmjs.org/modapp-utils/-/modapp-utils-1.8.0.tgz",
      "integrity": "sha512-tD8PjO6G/G4OUzIgae/gZ4bSVdwkIz7gnYmo/6IMbjWSnmvfsU28RNh0oG3y+2Op6pk3FC3n69h5dVV7L3hAaA==",
      "license": "MIT"
    },
    "node_modules/mucklet-script": {
      "version": "1.65.2",
      "resolved": "https://registry.npmjs.org/mucklet-script/-/mucklet-script-1.65.2.tgz",
      "integrity": "sha512-ZcXJ6tCi2slBoqSvzCFWSzZbH1ab0exHF5qTT6oOoEGz1IMdvddrR0Q/jUp/Y2uf1ZulNY3zBXnKnUg9CIJhdw==",
      "license": "Apache-2.0",
      "dependencies": {
        "assemblyscript": "^0.27.35",
        "isomorphic-ws": "^5.0.0",
        "json-as": "^1.0.4",
        "resclient": "^2.5.0",
        "tinyargs": "^0.1.4",
        "visitor-as": "^0.11.4"
      },
      "bin": {
        "mucklet-script": "bin/index.js"
      }
    },
    "node_modules/mucklet-script/node_modules/assemblyscript": {
      "version": "0.27.35",
      "resolved": "https://registry.npmjs.org/assemblyscript/-/assemblyscript-0.27.35.tgz",
      "integrity": "sha512-aAhrje38eLG7IWvF4jbKUeUcPAfE91gVPBcgcS/ZoNWLD3AjdZUyDNTmEajK2xDlq0vAn5ZiSIdNyHFPfE5JiQ==",
      "license": "Apache-2.0",
      "dependencies": {
        "binaryen": "116.0.0-nightly.20240114",
        "long": "^5.2.4"
      },
      "bin": {
        "asc": "bin/asc.js",
        "asinit": "bin/asinit.js"
      },
      "engines": {
        "node": ">=18",
        "npm": ">=10"
      },
      "funding": {
        "type": "opencollective",
        "url": "https://opencollective.com/assemblyscript"
      }
    },
    "node_modules/mucklet-script/node_modules/binaryen": {
      "version": "116.0.0-nightly.20240114",
      "resolved": "https://registry.npmjs.org/binaryen/-/binaryen-116.0.0-nightly.20240114.tgz",
      "integrity": "sha512-0GZrojJnuhoe+hiwji7QFaL3tBlJoA+KFUN7ouYSDGZLSo9CKM8swQX8n/UcbR0d1VuZKU+nhogNzv423JEu5A==",
      "license": "Apache-2.0",
      "bin": {
        "wasm-opt": "bin/wasm-opt",
        "wasm2js": "bin/wasm2js"
      }
    },
    "node_modules/resclient": {
      "version": "2.5.0",
      "resolved": "https://registry.npmjs.org/resclient/-/resclient-2.5.0.tgz",
      "integrity": "sha512-vG2DMDtVxCfesGNXN41r5+TUpGEKRc2NyE1QHHis9wJP5a0Ci29YSSfIBvD4tPEJeEM9vP0Kn7A4xcrs1KIAFw==",
      "license": "MIT",
      "dependencies": {
        "modapp-eventbus": "^1.8.2",
        "modapp-utils": "^1.8.0"
      }
    },
    "node_modules/tinyargs": {
      "version": "0.1.4",
      "resolved": "https://registry.npmjs.org/tinyargs/-/tinyargs-0.1.4.tgz",
      "integrity": "sha512-5OpdhMRRE70j0zT7mrBpx12FJI+y0EGx8zMe8Vl2/aiwGgpW3X70OVHlsHmHeeG0ncnnWdq1o+k/S5d9ONgzGA==",
      "license": "MIT",
      "engines": {
        "node": ">=14"
      }
    },
    "node_modules/ts-mixer": {
      "version": "6.0.4",
      "resolved": "https://registry.npmjs.org/ts-mixer/-/ts-mixer-6.0.4.tgz",
      "integrity": "sha512-ufKpbmrugz5Aou4wcr5Wc1UUFWOLhq+Fm6qa6P0w0K5Qw2yhaUoiWszhCVuNQyNwrlGiscHOmqYoAox1PtvgjA==",
      "license": "MIT"
    },
    "node_modules/visitor-as": {
      "version": "0.11.4",
      "resolved": "https://registry.npmjs.org/visitor-as/-/visitor-as-0.11.4.tgz",
      "integrity": "sha512-uih7AooY2V3LhzobjLqyEQzhYYBGeq0y/rZk295foM1Ko498f24NNXBDyM1SgzcLMFCAT/fpmSRco1BpTIdKNQ==",
      "license": "MIT",
      "dependencies": {
        "lodash.clonedeep": "^4.5.0",
        "ts-mixer": "^6.0.2"
      },
      "peerDependencies": {
        "assemblyscript": "^0.25.0"
      }
    },
    "node_modules/ws": {
      "version": "8.18.1",
      "resolved": "https://registry.npmjs.org/ws/-/ws-8.18.1.tgz",
      "integrity": "sha512-RKW2aJZMXeMxVpnZ6bck+RswznaxmzdULiBr6KY7XkTnW8uvt0iT9H5DkHUChXrc+uurzwa0rVI16n/Xzjdz1w==",
      "license": "MIT",
      "peer": true,
      "engines": {
        "node": ">=10.0.0"
      },
      "peerDependencies": {
        "bufferutil": "^4.0.1",
        "utf-8-validate": ">=5.0.2"
      },
      "peerDependenciesMeta": {
        "bufferutil": {
          "optional": true
        },
        "utf-8-validate": {
          "optional": true
        }
      }
    }
  }
}
